# This file is autogenerated, do not edit; changes may be undone by the next 'dep ensure'.


[[projects]]
  branch = "master"
  name = "github.com/fiorix/go-smpp"
  packages = [
    "smpp/pdu",
    "smpp/pdu/pdufield",
    "smpp/pdu/pdutext",
    "smpp/pdu/pdutlv"
  ]
  revision = "8eb557099ddf995af5b778652b1812f1ff86889c"

[[projects]]
  name = "github.com/google/gopacket"
  packages = [
    ".",
    "layers",
    "pcap"
  ]
  revision = "11c65f1ca9081dfea43b4f9643f5c155583b73ba"
  version = "v1.1.14"

[[projects]]
  name = "golang.org/x/text"
  packages = [
    "encoding",
    "encoding/charmap",
    "encoding/internal",
    "encoding/internal/identifier",
    "encoding/unicode",
    "internal/gen",
    "internal/utf8internal",
    "runes",
    "transform",
    "unicode/cldr"
  ]
  revision = "f21a4dfb5e38f5895301dc265a8def02365cc3d0"
  version = "v0.3.0"

[solve-meta]
  analyzer-name = "dep"
  analyzer-version = 1
  inputs-digest = "50799605d610e060e7c90574667eaaff397199f0fd397a1e5f9c23547290487c"
  solver-name = "gps-cdcl"
  solver-version = 1
