# This file is autogenerated, do not edit; changes may be undone by the next 'dep ensure'.


[[projects]]
  name = "git.aqq.me/go/app"
  packages = [
    ".",
    "appconf",
    "applog",
    "event",
    "launcher"
  ]
  revision = "61aec1566a26ed5b2fe22bf620e5b5fb9081894f"
  version = "v1.6.1"

[[projects]]
  name = "git.aqq.me/go/retrier"
  packages = ["."]
  revision = "30bbe2f632db4a7a7157c94ede2cea6e98aaa261"
  version = "v2.1.0"

[[projects]]
  name = "github.com/BurntSushi/toml"
  packages = ["."]
  revision = "b26d9c308763d68093482582cea63d69be07a0f0"
  version = "v0.3.0"

[[projects]]
  branch = "master"
  name = "github.com/fiorix/go-smpp"
  packages = [
    "smpp/encoding",
    "smpp/pdu",
    "smpp/pdu/pdufield",
    "smpp/pdu/pdutext",
    "smpp/pdu/pdutlv"
  ]
  revision = "7c7a06fbbfb12ab32c05aadfa86beb88e691e2a2"

[[projects]]
  name = "github.com/fsnotify/fsnotify"
  packages = ["."]
  revision = "c2828203cd70a50dcccfb2761f8b1f8ceef9a8e9"
  version = "v1.4.7"

[[projects]]
  name = "github.com/go-redis/redis"
  packages = [
    ".",
    "internal",
    "internal/consistenthash",
    "internal/hashtag",
    "internal/pool",
    "internal/proto",
    "internal/singleflight",
    "internal/util"
  ]
  revision = "b3d9bf10f6666b2ee5100a6f3f84f4caf3b4e37d"
  version = "v6.14.2"

[[projects]]
  branch = "master"
  name = "github.com/google/btree"
  packages = ["."]
  revision = "4030bb1f1f0c35b30ca7009e9ebd06849dd45306"

[[projects]]
  name = "github.com/google/gopacket"
  packages = [
    ".",
    "layers",
    "pcap"
  ]
  revision = "11c65f1ca9081dfea43b4f9643f5c155583b73ba"
  version = "v1.1.14"

[[projects]]
  name = "github.com/iph0/conf"
  packages = [
    ".",
    "envconf",
    "fileconf"
  ]
  revision = "2449044059ba4b98e13ce80d15162e85de2d03d0"
  version = "v1.4.3"

[[projects]]
  name = "github.com/iph0/merger"
  packages = ["."]
  revision = "dd60b5b79edb79eab1cdefd696464a3deeb6f790"
  version = "v1.0"

[[projects]]
  name = "github.com/json-iterator/go"
  packages = ["."]
  revision = "1624edc4454b8682399def8740d46db5e4362ba4"
  version = "v1.1.5"

[[projects]]
  name = "github.com/kak-tus/ami"
  packages = ["."]
  revision = "52fbd9fd81268b4363ada45f66a85bb6d36c5030"
  version = "v0.1.6"

[[projects]]
  name = "github.com/kak-tus/healthcheck"
  packages = ["."]
  revision = "5f3713b5d728cc0f1c0d5bbfbadb9bbf99e2576f"
  version = "v0.5.0"

[[projects]]
  name = "github.com/kak-tus/ruthie"
  packages = ["message"]
  revision = "a76583055adc68eeba7ae15143578aaa5b0bf65b"
  version = "v0.1.3"

[[projects]]
  name = "github.com/mitchellh/mapstructure"
  packages = ["."]
  revision = "fa473d140ef3c6adf42d6b391fe76707f1f243c8"
  version = "v1.0.0"

[[projects]]
  name = "github.com/modern-go/concurrent"
  packages = ["."]
  revision = "bacd9c7ef1dd9b15be4a9909b8ac7a4e313eec94"
  version = "1.0.3"

[[projects]]
  name = "github.com/modern-go/reflect2"
  packages = ["."]
  revision = "4b7aa43c6742a2c18fdef89dd197aaae7dac7ccd"
  version = "1.0.1"

[[projects]]
  branch = "master"
  name = "github.com/petar/GoLLRB"
  packages = ["llrb"]
  revision = "53be0d36a84c2a886ca057d34b6aa4468df9ccb4"

[[projects]]
  name = "github.com/peterbourgon/diskv"
  packages = ["."]
  revision = "0646ccaebea1ed1539efcab30cae44019090093f"

[[projects]]
  name = "go.uber.org/atomic"
  packages = ["."]
  revision = "1ea20fb1cbb1cc08cbd0d913a96dead89aa18289"
  version = "v1.3.2"

[[projects]]
  name = "go.uber.org/multierr"
  packages = ["."]
  revision = "3c4937480c32f4c13a875a1829af76c98ca3d40a"
  version = "v1.1.0"

[[projects]]
  name = "go.uber.org/zap"
  packages = [
    ".",
    "buffer",
    "internal/bufferpool",
    "internal/color",
    "internal/exit",
    "zapcore"
  ]
  revision = "ff33455a0e382e8a81d14dd7c922020b6b5e7982"
  version = "v1.9.1"

[[projects]]
  branch = "master"
  name = "golang.org/x/sys"
  packages = ["unix"]
  revision = "d99a578cf41bfccdeaf48b0845c823a4b8b0ad5e"

[[projects]]
  name = "golang.org/x/text"
  packages = [
    "encoding",
    "encoding/charmap",
    "encoding/internal",
    "encoding/internal/identifier",
    "encoding/unicode",
    "internal/gen",
    "internal/utf8internal",
    "runes",
    "transform",
    "unicode/cldr"
  ]
  revision = "f21a4dfb5e38f5895301dc265a8def02365cc3d0"
  version = "v0.3.0"

[[projects]]
  name = "gopkg.in/yaml.v2"
  packages = ["."]
  revision = "5420a8b6744d3b0345ab293f6fcba19c978f1183"
  version = "v2.2.1"

[solve-meta]
  analyzer-name = "dep"
  analyzer-version = 1
  inputs-digest = "99c06f1769de0efdf345af09c17a239f5e91dfb930901533097d454873c886f7"
  solver-name = "gps-cdcl"
  solver-version = 1
